{
  "version": 4,
  "terraform_version": "0.12.18",
  "serial": 505,
  "lineage": "970bfcc7-060c-6159-0f67-6b87f473ba1d",
  "outputs": {},
  "resources": [
    {
      "module": "module.pipeline",
      "mode": "managed",
      "type": "aws_s3_bucket",
      "name": "codepipeline_bucket",
      "provider": "provider.aws",
      "instances": [
        {
          "schema_version": 0,
          "attributes": {
            "acceleration_status": "",
            "acl": "private",
            "arn": "arn:aws:s3:::code-pipeline-test-bucket-zzz",
            "bucket": "code-pipeline-test-bucket-zzz",
            "bucket_domain_name": "code-pipeline-test-bucket-zzz.s3.amazonaws.com",
            "bucket_prefix": null,
            "bucket_regional_domain_name": "code-pipeline-test-bucket-zzz.s3.amazonaws.com",
            "cors_rule": [],
            "force_destroy": false,
            "hosted_zone_id": "Z3AQBSTGFYJSTF",
            "id": "code-pipeline-test-bucket-zzz",
            "lifecycle_rule": [],
            "logging": [],
            "object_lock_configuration": [],
            "policy": null,
            "region": "us-east-1",
            "replication_configuration": [],
            "request_payer": "BucketOwner",
            "server_side_encryption_configuration": [],
            "tags": {},
            "versioning": [
              {
                "enabled": false,
                "mfa_delete": false
              }
            ],
            "website": [],
            "website_domain": null,
            "website_endpoint": null
          }
        }
      ]
    },
    {
      "module": "module.build",
      "mode": "managed",
      "type": "aws_s3_bucket",
      "name": "example",
      "provider": "provider.aws",
      "instances": [
        {
          "schema_version": 0,
          "attributes": {
            "acceleration_status": "",
            "acl": "private",
            "arn": "arn:aws:s3:::exampletestingterrastartup",
            "bucket": "exampletestingterrastartup",
            "bucket_domain_name": "exampletestingterrastartup.s3.amazonaws.com",
            "bucket_prefix": null,
            "bucket_regional_domain_name": "exampletestingterrastartup.s3.amazonaws.com",
            "cors_rule": [],
            "force_destroy": false,
            "hosted_zone_id": "Z3AQBSTGFYJSTF",
            "id": "exampletestingterrastartup",
            "lifecycle_rule": [],
            "logging": [],
            "object_lock_configuration": [],
            "policy": null,
            "region": "us-east-1",
            "replication_configuration": [],
            "request_payer": "BucketOwner",
            "server_side_encryption_configuration": [],
            "tags": {
              "Name": "example_testing_terrastartup"
            },
            "versioning": [
              {
                "enabled": false,
                "mfa_delete": false
              }
            ],
            "website": [],
            "website_domain": null,
            "website_endpoint": null
          }
        }
      ]
    }
  ]
}
