{
  "version": 4,
  "terraform_version": "0.12.18",
  "serial": 98,
  "lineage": "970bfcc7-060c-6159-0f67-6b87f473ba1d",
  "outputs": {},
  "resources": [
    {
      "module": "module.deploy",
      "mode": "managed",
      "type": "aws_codebuild_project",
      "name": "example",
      "provider": "provider.aws",
      "instances": [
        {
          "schema_version": 0,
          "attributes": {
            "arn": "arn:aws:codebuild:us-east-1:958181868043:project/MY_DOMAIN",
            "artifacts": [
              {
                "artifact_identifier": "",
                "encryption_disabled": false,
                "location": "",
                "name": "",
                "namespace_type": "",
                "override_artifact_name": false,
                "packaging": "",
                "path": "",
                "type": "NO_ARTIFACTS"
              }
            ],
            "badge_enabled": false,
            "badge_url": "",
            "build_timeout": 5,
            "cache": [
              {
                "location": "",
                "modes": [],
                "type": "NO_CACHE"
              }
            ],
            "description": "A terrastartup codebuild project.",
            "encryption_key": "arn:aws:kms:us-east-1:958181868043:alias/aws/s3",
            "environment": [
              {
                "certificate": "",
                "compute_type": "BUILD_GENERAL1_SMALL",
                "environment_variable": [],
                "image": "aws/codebuild/standard:1.0",
                "image_pull_credentials_type": "CODEBUILD",
                "privileged_mode": false,
                "registry_credential": [],
                "type": "LINUX_CONTAINER"
              }
            ],
            "id": "arn:aws:codebuild:us-east-1:958181868043:project/MY_DOMAIN",
            "logs_config": [
              {
                "cloudwatch_logs": [
                  {
                    "group_name": "log-group",
                    "status": "ENABLED",
                    "stream_name": "log-stream"
                  }
                ],
                "s3_logs": [
                  {
                    "encryption_disabled": false,
                    "location": "exampletestingterrastartup/build-log",
                    "status": "ENABLED"
                  }
                ]
              }
            ],
            "name": "MY_DOMAIN",
            "queued_timeout": 480,
            "secondary_artifacts": [],
            "secondary_sources": [],
            "service_role": "arn:aws:iam::958181868043:role/example",
            "source": [
              {
                "auth": [],
                "buildspec": "",
                "git_clone_depth": 1,
                "insecure_ssl": null,
                "location": "https://github.com/danielptm/Terrastartup_frontend.git",
                "report_build_status": null,
                "type": "GITHUB"
              }
            ],
            "tags": {
              "Environment": "Test"
            },
            "vpc_config": []
          },
          "private": "bnVsbA==",
          "dependencies": [
            "module.deploy.aws_iam_role.example",
            "module.deploy.aws_s3_bucket.example"
          ]
        }
      ]
    },
    {
      "module": "module.deploy",
      "mode": "managed",
      "type": "aws_iam_policy",
      "name": "policy",
      "provider": "provider.aws",
      "instances": [
        {
          "schema_version": 0,
          "attributes": {
            "arn": "arn:aws:iam::958181868043:policy/test-policy",
            "description": "A test policy",
            "id": "arn:aws:iam::958181868043:policy/test-policy",
            "name": "test-policy",
            "name_prefix": null,
            "path": "/",
            "policy": "{\n\"Version\": \"2012-10-17\",\n\"Statement\": [\n  {\n    \"Sid\": \"CloudWatchLogsPolicy\",\n    \"Effect\": \"Allow\",\n    \"Action\": [\n      \"logs:CreateLogGroup\",\n      \"logs:CreateLogStream\",\n      \"logs:PutLogEvents\"\n    ],\n    \"Resource\": [\n      \"*\"\n    ]\n  },\n  {\n    \"Sid\": \"CodeCommitPolicy\",\n    \"Effect\": \"Allow\",\n    \"Action\": [\n      \"codecommit:GitPull\"\n    ],\n    \"Resource\": [\n      \"*\"\n    ]\n  },\n  {\n    \"Sid\": \"S3GetObjectPolicy\",\n    \"Effect\": \"Allow\",\n    \"Action\": [\n      \"s3:GetObject\",\n      \"s3:GetObjectVersion\"\n    ],\n    \"Resource\": [\n      \"*\"\n    ]\n  },\n  {\n    \"Sid\": \"S3PutObjectPolicy\",\n    \"Effect\": \"Allow\",\n    \"Action\": [\n      \"s3:PutObject\"\n    ],\n    \"Resource\": [\n      \"*\"\n    ]\n  },\n  {\n    \"Sid\": \"S3BucketIdentity\",\n    \"Effect\": \"Allow\",\n    \"Action\": [\n      \"s3:GetBucketAcl\",\n      \"s3:GetBucketLocation\"\n    ],\n    \"Resource\": [\n      \"*\"\n    ]\n  }\n]\n}\n"
          },
          "private": "bnVsbA=="
        }
      ]
    },
    {
      "module": "module.deploy",
      "mode": "managed",
      "type": "aws_iam_role",
      "name": "example",
      "provider": "provider.aws",
      "instances": [
        {
          "schema_version": 0,
          "attributes": {
            "arn": "arn:aws:iam::958181868043:role/example",
            "assume_role_policy": "{\"Version\":\"2012-10-17\",\"Statement\":[{\"Effect\":\"Allow\",\"Principal\":{\"Service\":\"codebuild.amazonaws.com\"},\"Action\":\"sts:AssumeRole\"}]}",
            "create_date": "2020-01-07T04:40:23Z",
            "description": "",
            "force_detach_policies": false,
            "id": "example",
            "max_session_duration": 3600,
            "name": "example",
            "name_prefix": null,
            "path": "/",
            "permissions_boundary": null,
            "tags": null,
            "unique_id": "AROA56GAXAIFS3FHP5YHX"
          },
          "private": "bnVsbA=="
        }
      ]
    },
    {
      "module": "module.deploy",
      "mode": "managed",
      "type": "aws_iam_role_policy_attachment",
      "name": "test-attach",
      "provider": "provider.aws",
      "instances": [
        {
          "schema_version": 0,
          "attributes": {
            "id": "example-20200107044025731600000001",
            "policy_arn": "arn:aws:iam::958181868043:policy/test-policy",
            "role": "example"
          },
          "private": "bnVsbA==",
          "dependencies": [
            "module.deploy.aws_iam_policy.policy",
            "module.deploy.aws_iam_role.example"
          ]
        }
      ]
    },
    {
      "module": "module.deploy",
      "mode": "managed",
      "type": "aws_s3_bucket",
      "name": "example",
      "provider": "provider.aws",
      "instances": [
        {
          "schema_version": 0,
          "attributes": {
            "acceleration_status": "",
            "acl": "private",
            "arn": "arn:aws:s3:::exampletestingterrastartup",
            "bucket": "exampletestingterrastartup",
            "bucket_domain_name": "exampletestingterrastartup.s3.amazonaws.com",
            "bucket_prefix": null,
            "bucket_regional_domain_name": "exampletestingterrastartup.s3.amazonaws.com",
            "cors_rule": [],
            "force_destroy": false,
            "hosted_zone_id": "Z3AQBSTGFYJSTF",
            "id": "exampletestingterrastartup",
            "lifecycle_rule": [],
            "logging": [],
            "object_lock_configuration": [],
            "policy": null,
            "region": "us-east-1",
            "replication_configuration": [],
            "request_payer": "BucketOwner",
            "server_side_encryption_configuration": [],
            "tags": {
              "Name": "example_testing_terrastartup"
            },
            "versioning": [
              {
                "enabled": false,
                "mfa_delete": false
              }
            ],
            "website": [],
            "website_domain": null,
            "website_endpoint": null
          },
          "private": "bnVsbA=="
        }
      ]
    }
  ]
}
